
Microsoft Visual Studio Solution File, Format Version 12.00
# Visual Studio Version 16
VisualStudioVersion = 16.0.31402.337
MinimumVisualStudioVersion = 10.0.40219.1
Project("{9A19103F-16F7-4668-BE54-9A1E7A4F7556}") = "HelloWorldConsumer", "HelloWorldConsumer\HelloWorldConsumer.csproj", "{BE3577B3-4AA4-4919-8821-1CDA0967BD3C}"
EndProject
Project("{9A19103F-16F7-4668-BE54-9A1E7A4F7556}") = "HelloWorldProducer", "HelloWorldProducer\HelloWorldProducer.csproj", "{14991813-592F-4B6D-AD80-62D0E44C3AEB}"
EndProject
Project("{2150E333-8FDC-42A3-9474-1A3956D46DE8}") = "HelloWorld", "HelloWorld", "{B6621828-2577-4D94-93FB-C2A0674ED090}"
EndProject
Project("{2150E333-8FDC-42A3-9474-1A3956D46DE8}") = "WorkQueues", "WorkQueues", "{539E5DB2-6DB6-4539-916B-6F1F0F0E30AC}"
EndProject
Project("{FAE04EC0-301F-11D3-BF4B-00C04F79EFBC}") = "Worker", "Worker\Worker.csproj", "{D2183E7A-B299-4FA9-BD1F-7C35A420D0C8}"
EndProject
Project("{FAE04EC0-301F-11D3-BF4B-00C04F79EFBC}") = "NewTask", "NewTask\NewTask.csproj", "{064D44C4-2E24-4FE2-8BCC-188D5398CDDD}"
EndProject
Project("{2150E333-8FDC-42A3-9474-1A3956D46DE8}") = "Exchanges", "Exchanges", "{DBAC5D88-25DF-4961-8CC8-18AEB8F2C7EE}"
EndProject
Project("{FAE04EC0-301F-11D3-BF4B-00C04F79EFBC}") = "EmitLog", "EmitLog\EmitLog.csproj", "{1BD94D9A-4BFE-42E5-B145-BAF7CB785283}"
EndProject
Project("{FAE04EC0-301F-11D3-BF4B-00C04F79EFBC}") = "ReceiveLog", "ReceiveLog\ReceiveLog.csproj", "{9FC91D10-F10B-4677-8186-BC4938A0F6CA}"
EndProject
Project("{2150E333-8FDC-42A3-9474-1A3956D46DE8}") = "Routing", "Routing", "{2AD438E7-29EE-4A8E-A24F-E7090D943B0D}"
EndProject
Project("{FAE04EC0-301F-11D3-BF4B-00C04F79EFBC}") = "EmitLogDirect", "EmitLogDirect\EmitLogDirect.csproj", "{A1A491AE-D341-4C7E-B3B8-67428BCCA13E}"
EndProject
Project("{FAE04EC0-301F-11D3-BF4B-00C04F79EFBC}") = "ReceiveLogsDirect", "ReceiveLogsDirect\ReceiveLogsDirect.csproj", "{68975160-D427-42B0-A489-F1788548EFF0}"
EndProject
Project("{2150E333-8FDC-42A3-9474-1A3956D46DE8}") = "Topics", "Topics", "{FD38041F-B229-4D4E-816C-F50FF4CD22C0}"
EndProject
Project("{FAE04EC0-301F-11D3-BF4B-00C04F79EFBC}") = "EmitLogTopic", "EmitLogTopic\EmitLogTopic.csproj", "{4EBA78B9-1FDF-4941-8AF9-79D5675D70A7}"
EndProject
Project("{FAE04EC0-301F-11D3-BF4B-00C04F79EFBC}") = "ReceiveLogsTopic", "ReceiveLogsTopic\ReceiveLogsTopic.csproj", "{902DFE59-EBF7-4789-A810-465CA16A0EED}"
EndProject
Project("{2150E333-8FDC-42A3-9474-1A3956D46DE8}") = "RemoteProcedureCall", "RemoteProcedureCall", "{978E3A9D-D5A5-4C0C-981E-A5B77EAE2D0A}"
EndProject
Project("{FAE04EC0-301F-11D3-BF4B-00C04F79EFBC}") = "RPCServer", "RPCServer\RPCServer.csproj", "{B34D2A09-05CA-4E07-83DC-B23D8ADB1DC5}"
EndProject
Project("{FAE04EC0-301F-11D3-BF4B-00C04F79EFBC}") = "RPCClient", "RPCClient\RPCClient.csproj", "{40C38DE2-DF89-4B37-AF26-058A11DB08E0}"
EndProject
Global
	GlobalSection(SolutionConfigurationPlatforms) = preSolution
		Debug|Any CPU = Debug|Any CPU
		Release|Any CPU = Release|Any CPU
	EndGlobalSection
	GlobalSection(ProjectConfigurationPlatforms) = postSolution
		{BE3577B3-4AA4-4919-8821-1CDA0967BD3C}.Debug|Any CPU.ActiveCfg = Debug|Any CPU
		{BE3577B3-4AA4-4919-8821-1CDA0967BD3C}.Debug|Any CPU.Build.0 = Debug|Any CPU
		{BE3577B3-4AA4-4919-8821-1CDA0967BD3C}.Release|Any CPU.ActiveCfg = Release|Any CPU
		{BE3577B3-4AA4-4919-8821-1CDA0967BD3C}.Release|Any CPU.Build.0 = Release|Any CPU
		{14991813-592F-4B6D-AD80-62D0E44C3AEB}.Debug|Any CPU.ActiveCfg = Debug|Any CPU
		{14991813-592F-4B6D-AD80-62D0E44C3AEB}.Debug|Any CPU.Build.0 = Debug|Any CPU
		{14991813-592F-4B6D-AD80-62D0E44C3AEB}.Release|Any CPU.ActiveCfg = Release|Any CPU
		{14991813-592F-4B6D-AD80-62D0E44C3AEB}.Release|Any CPU.Build.0 = Release|Any CPU
		{D2183E7A-B299-4FA9-BD1F-7C35A420D0C8}.Debug|Any CPU.ActiveCfg = Debug|Any CPU
		{D2183E7A-B299-4FA9-BD1F-7C35A420D0C8}.Debug|Any CPU.Build.0 = Debug|Any CPU
		{D2183E7A-B299-4FA9-BD1F-7C35A420D0C8}.Release|Any CPU.ActiveCfg = Release|Any CPU
		{D2183E7A-B299-4FA9-BD1F-7C35A420D0C8}.Release|Any CPU.Build.0 = Release|Any CPU
		{064D44C4-2E24-4FE2-8BCC-188D5398CDDD}.Debug|Any CPU.ActiveCfg = Debug|Any CPU
		{064D44C4-2E24-4FE2-8BCC-188D5398CDDD}.Debug|Any CPU.Build.0 = Debug|Any CPU
		{064D44C4-2E24-4FE2-8BCC-188D5398CDDD}.Release|Any CPU.ActiveCfg = Release|Any CPU
		{064D44C4-2E24-4FE2-8BCC-188D5398CDDD}.Release|Any CPU.Build.0 = Release|Any CPU
		{1BD94D9A-4BFE-42E5-B145-BAF7CB785283}.Debug|Any CPU.ActiveCfg = Debug|Any CPU
		{1BD94D9A-4BFE-42E5-B145-BAF7CB785283}.Debug|Any CPU.Build.0 = Debug|Any CPU
		{1BD94D9A-4BFE-42E5-B145-BAF7CB785283}.Release|Any CPU.ActiveCfg = Release|Any CPU
		{1BD94D9A-4BFE-42E5-B145-BAF7CB785283}.Release|Any CPU.Build.0 = Release|Any CPU
		{9FC91D10-F10B-4677-8186-BC4938A0F6CA}.Debug|Any CPU.ActiveCfg = Debug|Any CPU
		{9FC91D10-F10B-4677-8186-BC4938A0F6CA}.Debug|Any CPU.Build.0 = Debug|Any CPU
		{9FC91D10-F10B-4677-8186-BC4938A0F6CA}.Release|Any CPU.ActiveCfg = Release|Any CPU
		{9FC91D10-F10B-4677-8186-BC4938A0F6CA}.Release|Any CPU.Build.0 = Release|Any CPU
		{A1A491AE-D341-4C7E-B3B8-67428BCCA13E}.Debug|Any CPU.ActiveCfg = Debug|Any CPU
		{A1A491AE-D341-4C7E-B3B8-67428BCCA13E}.Debug|Any CPU.Build.0 = Debug|Any CPU
		{A1A491AE-D341-4C7E-B3B8-67428BCCA13E}.Release|Any CPU.ActiveCfg = Release|Any CPU
		{A1A491AE-D341-4C7E-B3B8-67428BCCA13E}.Release|Any CPU.Build.0 = Release|Any CPU
		{68975160-D427-42B0-A489-F1788548EFF0}.Debug|Any CPU.ActiveCfg = Debug|Any CPU
		{68975160-D427-42B0-A489-F1788548EFF0}.Debug|Any CPU.Build.0 = Debug|Any CPU
		{68975160-D427-42B0-A489-F1788548EFF0}.Release|Any CPU.ActiveCfg = Release|Any CPU
		{68975160-D427-42B0-A489-F1788548EFF0}.Release|Any CPU.Build.0 = Release|Any CPU
		{4EBA78B9-1FDF-4941-8AF9-79D5675D70A7}.Debug|Any CPU.ActiveCfg = Debug|Any CPU
		{4EBA78B9-1FDF-4941-8AF9-79D5675D70A7}.Debug|Any CPU.Build.0 = Debug|Any CPU
		{4EBA78B9-1FDF-4941-8AF9-79D5675D70A7}.Release|Any CPU.ActiveCfg = Release|Any CPU
		{4EBA78B9-1FDF-4941-8AF9-79D5675D70A7}.Release|Any CPU.Build.0 = Release|Any CPU
		{902DFE59-EBF7-4789-A810-465CA16A0EED}.Debug|Any CPU.ActiveCfg = Debug|Any CPU
		{902DFE59-EBF7-4789-A810-465CA16A0EED}.Debug|Any CPU.Build.0 = Debug|Any CPU
		{902DFE59-EBF7-4789-A810-465CA16A0EED}.Release|Any CPU.ActiveCfg = Release|Any CPU
		{902DFE59-EBF7-4789-A810-465CA16A0EED}.Release|Any CPU.Build.0 = Release|Any CPU
		{B34D2A09-05CA-4E07-83DC-B23D8ADB1DC5}.Debug|Any CPU.ActiveCfg = Debug|Any CPU
		{B34D2A09-05CA-4E07-83DC-B23D8ADB1DC5}.Debug|Any CPU.Build.0 = Debug|Any CPU
		{B34D2A09-05CA-4E07-83DC-B23D8ADB1DC5}.Release|Any CPU.ActiveCfg = Release|Any CPU
		{B34D2A09-05CA-4E07-83DC-B23D8ADB1DC5}.Release|Any CPU.Build.0 = Release|Any CPU
		{40C38DE2-DF89-4B37-AF26-058A11DB08E0}.Debug|Any CPU.ActiveCfg = Debug|Any CPU
		{40C38DE2-DF89-4B37-AF26-058A11DB08E0}.Debug|Any CPU.Build.0 = Debug|Any CPU
		{40C38DE2-DF89-4B37-AF26-058A11DB08E0}.Release|Any CPU.ActiveCfg = Release|Any CPU
		{40C38DE2-DF89-4B37-AF26-058A11DB08E0}.Release|Any CPU.Build.0 = Release|Any CPU
	EndGlobalSection
	GlobalSection(SolutionProperties) = preSolution
		HideSolutionNode = FALSE
	EndGlobalSection
	GlobalSection(NestedProjects) = preSolution
		{BE3577B3-4AA4-4919-8821-1CDA0967BD3C} = {B6621828-2577-4D94-93FB-C2A0674ED090}
		{14991813-592F-4B6D-AD80-62D0E44C3AEB} = {B6621828-2577-4D94-93FB-C2A0674ED090}
		{D2183E7A-B299-4FA9-BD1F-7C35A420D0C8} = {539E5DB2-6DB6-4539-916B-6F1F0F0E30AC}
		{064D44C4-2E24-4FE2-8BCC-188D5398CDDD} = {539E5DB2-6DB6-4539-916B-6F1F0F0E30AC}
		{1BD94D9A-4BFE-42E5-B145-BAF7CB785283} = {DBAC5D88-25DF-4961-8CC8-18AEB8F2C7EE}
		{9FC91D10-F10B-4677-8186-BC4938A0F6CA} = {DBAC5D88-25DF-4961-8CC8-18AEB8F2C7EE}
		{A1A491AE-D341-4C7E-B3B8-67428BCCA13E} = {2AD438E7-29EE-4A8E-A24F-E7090D943B0D}
		{68975160-D427-42B0-A489-F1788548EFF0} = {2AD438E7-29EE-4A8E-A24F-E7090D943B0D}
		{4EBA78B9-1FDF-4941-8AF9-79D5675D70A7} = {FD38041F-B229-4D4E-816C-F50FF4CD22C0}
		{902DFE59-EBF7-4789-A810-465CA16A0EED} = {FD38041F-B229-4D4E-816C-F50FF4CD22C0}
		{B34D2A09-05CA-4E07-83DC-B23D8ADB1DC5} = {978E3A9D-D5A5-4C0C-981E-A5B77EAE2D0A}
		{40C38DE2-DF89-4B37-AF26-058A11DB08E0} = {978E3A9D-D5A5-4C0C-981E-A5B77EAE2D0A}
	EndGlobalSection
	GlobalSection(ExtensibilityGlobals) = postSolution
		SolutionGuid = {D8B772F4-0311-47DF-BD7D-A1E0E761CB8F}
	EndGlobalSection
EndGlobal
